
Microsoft Visual Studio Solution File, Format Version 12.00
# Visual Studio Version 17
VisualStudioVersion = 17.13.35931.197 d17.13
MinimumVisualStudioVersion = 10.0.40219.1
Project("{FAE04EC0-301F-11D3-BF4B-00C04F79EFBC}") = "MultiverseHelloWorld", "MultiverseHelloWorld.csproj", "{2ACD8291-F987-4198-AE70-F69496D2E39B}"
EndProject
Global
	GlobalSection(SolutionConfigurationPlatforms) = preSolution
		Debug|Any CPU = Debug|Any CPU
		Release|Any CPU = Release|Any CPU
	EndGlobalSection
	GlobalSection(ProjectConfigurationPlatforms) = postSolution
		{2ACD8291-F987-4198-AE70-F69496D2E39B}.Debug|Any CPU.ActiveCfg = Debug|Any CPU
		{2ACD8291-F987-4198-AE70-F69496D2E39B}.Debug|Any CPU.Build.0 = Debug|Any CPU
		{2ACD8291-F987-4198-AE70-F69496D2E39B}.Release|Any CPU.ActiveCfg = Release|Any CPU
		{2ACD8291-F987-4198-AE70-F69496D2E39B}.Release|Any CPU.Build.0 = Release|Any CPU
	EndGlobalSection
	GlobalSection(SolutionProperties) = preSolution
		HideSolutionNode = FALSE
	EndGlobalSection
	GlobalSection(ExtensibilityGlobals) = postSolution
		SolutionGuid = {4F515456-2413-427B-B015-F546C12D8932}
	EndGlobalSection
EndGlobal
